{
  "nodes": {
    "android": {
      "inputs": {
        "devshell": "devshell",
        "flake-utils": "flake-utils",
        "nixpkgs": [
          "nixpkgs"
        ]
      },
      "locked": {
        "lastModified": 1787889925,
        "narHash": "sha256-T/yqqspTVIPdyXy+csRwv/iGooSUd8pMYvHvQKMAUjU=",
        "owner": "tadfisher",
        "repo": "android-nixpkgs",
        "rev": "6b4cca34c57b18f256c04c7c83db73ca7134eceb",
        "type": "github"
      },
      "original": {
        "owner": "tadfisher",
        "ref": "stable",
        "repo": "android-nixpkgs",
        "type": "github"
      }
    },
    "devshell": {
      "inputs": {
        "nixpkgs": [
          "android",
          "nixpkgs"
        ]
      },
      "locked": {
        "lastModified": 1768818222,
        "narHash": "sha256-460jc0+CZfyaO8+w8JNtlClB2n4ui1RbHfPTLkpwhU8=",
        "owner": "numtide",
        "repo": "devshell",
        "rev": "255a2b1725a20d060f566e4755dbf571bbbb5f76",
        "type": "github"
      },
      "original": {
        "owner": "numtide",
        "repo": "devshell",
        "type": "github"
      }
    },
    "flake-utils": {
      "inputs": {
        "systems": "systems"
      },
      "locked": {
        "lastModified": 1731533236,
        "narHash": "sha256-l0KFg5HjrsfsO/JpG+r7fRrqm12kzFHyUHqHCVpMMbI=",
        "owner": "numtide",
        "repo": "flake-utils",
        "rev": "11707dc2f618dd54ca8739b309ec4fc024de578b",
        "type": "github"
      },
      "original": {
        "owner": "numtide",
        "repo": "flake-utils",
        "type": "github"
      }
    },
    "jolt": {
      "flake": false,
      "locked": {
        "lastModified": 1787982375,
        "narHash": "sha256-2VJAG7MAJithxnmdNSQNcOV6GTZtQr/r0mzh05UITcg=",
        "ref": "refs/heads/main",
        "rev": "ae5c5a6d5be263a883e9b4b53f255b8c0b493d3e",
        "revCount": 2754,
        "submodules": true,
        "type": "git",
        "url": "https://github.com/jolt-lang/jolt.git"
      },
      "original": {
        "rev": "ae5c5a6d5be263a883e9b4b53f255b8c0b493d3e",
        "submodules": true,
        "type": "git",
        "url": "https://github.com/jolt-lang/jolt.git"
      }
    },
    "nixpkgs": {
      "locked": {
        "lastModified": 1787736819,
        "narHash": "sha256-cV5xEJJK3BvhU8rEd4mC9UsmDi5qscv/kzGPhBRC5WA=",
        "owner": "NixOS",
        "repo": "nixpkgs",
        "rev": "9fbb54b33e91ee4ca368e35a78e0613c720600b3",
        "type": "github"
      },
      "original": {
        "owner": "NixOS",
        "ref": "nixos-unstable",
        "repo": "nixpkgs",
        "type": "github"
      }
    },
    "raylib": {
      "flake": false,
      "locked": {
        "lastModified": 1787999961,
        "narHash": "sha256-Ap0qpmOiYj+X2j1X9xFmjFy0gnamBms8XsiKrJlRp0A=",
        "ref": "refs/heads/master",
        "rev": "9f3cadf1e618f125bd9b282c7759f8cb26ce17fc",
        "revCount": 10122,
        "type": "git",
        "url": "https://github.com/raysan5/raylib.git"
      },
      "original": {
        "rev": "9f3cadf1e618f125bd9b282c7759f8cb26ce17fc",
        "type": "git",
        "url": "https://github.com/raysan5/raylib.git"
      }
    },
    "raylib-jlt": {
      "flake": false,
      "locked": {
        "lastModified": 1788001875,
        "narHash": "sha256-TmQmPrVGvLvuG6p+/reBePJ5sXCROGiZeT4Pfy+ntIE=",
        "ref": "refs/heads/main",
        "rev": "15c4c6d5757c5c592983166626fd32341c6fc45e",
        "revCount": 109,
        "type": "git",
        "url": "https://github.com/jlt-commons/raylib-jlt.git"
      },
      "original": {
        "rev": "15c4c6d5757c5c592983166626fd32341c6fc45e",
        "type": "git",
        "url": "https://github.com/jlt-commons/raylib-jlt.git"
      }
    },
    "root": {
      "inputs": {
        "android": "android",
        "jolt": "jolt",
        "nixpkgs": "nixpkgs",
        "raylib": "raylib",
        "raylib-jlt": "raylib-jlt"
      }
    },
    "systems": {
      "locked": {
        "lastModified": 1681028828,
        "narHash": "sha256-Vy1rq5AaRuLzOxct8nz4T6wlgyUR7zLU309k9mBC768=",
        "owner": "nix-systems",
        "repo": "default",
        "rev": "da67096a3b9bf56a91d16901293e51ba5b49a27e",
        "type": "github"
      },
      "original": {
        "owner": "nix-systems",
        "repo": "default",
        "type": "github"
      }
    }
  },
  "root": "root",
  "version": 7
}
